<?xml version="1.0" encoding="utf-8"?>
<Project ToolsVersion="4.0" xmlns="http://schemas.microsoft.com/developer/msbuild/2003">
  <ItemGroup>
    <ClInclude Include="Src\CommonModule.h" />
    <ClInclude Include="Src\Definition.h" />
    <ClInclude Include="Src\ExpansionMethod.h" />
    <ClInclude Include="Src\Component\Animator.h">
      <Filter>Component</Filter>
    </ClInclude>
    <ClInclude Include="Src\Component\Singleton.h">
      <Filter>Component</Filter>
    </ClInclude>
    <ClInclude Include="Src\Component\Collider\CapsuleHitBox.h">
      <Filter>Component\Collider</Filter>
    </ClInclude>
    <ClInclude Include="Src\Component\Collider\Collider.h">
      <Filter>Component\Collider</Filter>
    </ClInclude>
    <ClInclude Include="Src\Component\Collider\SphereHitBox.h">
      <Filter>Component\Collider</Filter>
    </ClInclude>
    <ClInclude Include="Src\Data\json.hpp">
      <Filter>Data</Filter>
    </ClInclude>
    <ClInclude Include="Src\Enhancement\StatusEnhancement.h">
      <Filter>Enhancement</Filter>
    </ClInclude>
    <ClInclude Include="Src\GameObject\GameObject.h">
      <Filter>GamaObject</Filter>
    </ClInclude>
    <ClInclude Include="Src\GameObject\Artifact\ArtifactBase.h">
      <Filter>GamaObject\Artifact</Filter>
    </ClInclude>
    <ClInclude Include="Src\GameObject\Artifact\ArtifactSelectUI.h">
      <Filter>GamaObject\Artifact</Filter>
    </ClInclude>
    <ClInclude Include="Src\GameObject\Artifact\ArtifactUI.h">
      <Filter>GamaObject\Artifact</Filter>
    </ClInclude>
    <ClInclude Include="Src\GameObject\Audio\Audio.h">
      <Filter>GamaObject\Audio</Filter>
    </ClInclude>
    <ClInclude Include="Src\GameObject\Bullet\BulletPool.h">
      <Filter>GamaObject\Bullet</Filter>
    </ClInclude>
    <ClInclude Include="Src\GameObject\Camera\Camera.h">
      <Filter>GamaObject\Camera</Filter>
    </ClInclude>
    <ClInclude Include="Src\GameObject\Character\Character.h">
      <Filter>GamaObject\Character</Filter>
    </ClInclude>
    <ClInclude Include="Src\GameObject\Character\Enemy\Enemy.h">
      <Filter>GamaObject\Character\Enemy</Filter>
    </ClInclude>
    <ClInclude Include="Src\GameObject\Character\Enemy\Boss\BossBase.h">
      <Filter>GamaObject\Character\Enemy\Boss</Filter>
    </ClInclude>
    <ClInclude Include="Src\GameObject\Character\Enemy\Boss\Durahan\BossDurahan.h">
      <Filter>GamaObject\Character\Enemy\Boss\Durahan</Filter>
    </ClInclude>
    <ClInclude Include="Src\GameObject\Character\Enemy\Boss\Goblin\BossGoblin.h">
      <Filter>GamaObject\Character\Enemy\Boss\Goblin</Filter>
    </ClInclude>
    <ClInclude Include="Src\GameObject\Character\Enemy\Boss\HellHound\BossHellHound.h">
      <Filter>GamaObject\Character\Enemy\Boss\HellHound</Filter>
    </ClInclude>
    <ClInclude Include="Src\GameObject\Character\Enemy\Boss\Ketbleperz\BossKetbleperz.h">
      <Filter>GamaObject\Character\Enemy\Boss\Ketbleperz</Filter>
    </ClInclude>
    <ClInclude Include="Src\GameObject\Character\Enemy\Boss\Ouger\BossOuger.h">
      <Filter>GamaObject\Character\Enemy\Boss\Ouger</Filter>
    </ClInclude>
    <ClInclude Include="Src\GameObject\Character\Enemy\Durahan\EnemyDurahan.h">
      <Filter>GamaObject\Character\Enemy\Durahan</Filter>
    </ClInclude>
    <ClInclude Include="Src\GameObject\Character\Enemy\Goblin\EnemyGoblin.h">
      <Filter>GamaObject\Character\Enemy\Goblin</Filter>
    </ClInclude>
    <ClInclude Include="Src\GameObject\Character\Enemy\HellHound\EnemyHellHound.h">
      <Filter>GamaObject\Character\Enemy\HellHound</Filter>
    </ClInclude>
    <ClInclude Include="Src\GameObject\Character\Enemy\HobGoblin\EnemyHobGoblin.h">
      <Filter>GamaObject\Character\Enemy\HobGoblin</Filter>
    </ClInclude>
    <ClInclude Include="Src\GameObject\Character\Enemy\Ketbleperz\EnemyKetbleperz.h">
      <Filter>GamaObject\Character\Enemy\Ketbleperz</Filter>
    </ClInclude>
    <ClInclude Include="Src\GameObject\Character\Enemy\Other\AttackArea.h">
      <Filter>GamaObject\Character\Enemy\Other</Filter>
    </ClInclude>
    <ClInclude Include="Src\GameObject\Character\Enemy\Ouger\EnemyOuger.h">
      <Filter>GamaObject\Character\Enemy\Ouger</Filter>
    </ClInclude>
    <ClInclude Include="Src\GameObject\Character\Enemy\Spider\EnemySpider.h">
      <Filter>GamaObject\Character\Enemy\Spider</Filter>
    </ClInclude>
    <ClInclude Include="Src\GameObject\Character\Enemy\Spider\SpiderBullet.h">
      <Filter>GamaObject\Character\Enemy\Spider</Filter>
    </ClInclude>
    <ClInclude Include="Src\GameObject\Character\Enemy\Troll\EnemyTroll.h">
      <Filter>GamaObject\Character\Enemy\Troll</Filter>
    </ClInclude>
    <ClInclude Include="Src\GameObject\Character\Enemy\Wolf\EnemyWolf.h">
      <Filter>GamaObject\Character\Enemy\Wolf</Filter>
    </ClInclude>
    <ClInclude Include="Src\GameObject\Character\Enemy\Zombie\EnemyZombie.h">
      <Filter>GamaObject\Character\Enemy\Zombie</Filter>
    </ClInclude>
    <ClInclude Include="Src\GameObject\Coin\Coin.h">
      <Filter>GamaObject\Coin</Filter>
    </ClInclude>
    <ClInclude Include="Src\GameObject\Effect\Effect.h">
      <Filter>GamaObject\Effect</Filter>
    </ClInclude>
    <ClInclude Include="Src\GameObject\Enhancement\EnhancementStone.h">
      <Filter>GamaObject\Enhancement</Filter>
    </ClInclude>
    <ClInclude Include="Src\GameObject\HitPool\CapsuleHitPool.h">
      <Filter>GamaObject\HitPool</Filter>
    </ClInclude>
    <ClInclude Include="Src\GameObject\Item\Inventory.h">
      <Filter>GamaObject\Item</Filter>
    </ClInclude>
    <ClInclude Include="Src\GameObject\Item\ItemBase.h">
      <Filter>GamaObject\Item</Filter>
    </ClInclude>
    <ClInclude Include="Src\GameObject\Item\ItemEntity.h">
      <Filter>GamaObject\Item</Filter>
    </ClInclude>
    <ClInclude Include="Src\GameObject\Item\ItemFactory.h">
      <Filter>GamaObject\Item</Filter>
    </ClInclude>
    <ClInclude Include="Src\GameObject\Item\ItemEquip\ItemEquip.h">
      <Filter>GamaObject\Item\ItemEquip</Filter>
    </ClInclude>
    <ClInclude Include="Src\GameObject\Item\ItemHeal\ItemHeal.h">
      <Filter>GamaObject\Item\ItemHeal</Filter>
    </ClInclude>
    <ClInclude Include="Src\GameObject\ItemShop\ItemShop.h">
      <Filter>GamaObject\ItemShop</Filter>
    </ClInclude>
    <ClInclude Include="Src\GameObject\Weapon\Weapon.h">
      <Filter>GamaObject\Weapon</Filter>
    </ClInclude>
    <ClInclude Include="Src\GameObject\TreasureChest\StartTreasureChest.h">
      <Filter>GamaObject\TreasureChest</Filter>
    </ClInclude>
    <ClInclude Include="Src\GameObject\StageObject\StageObject.h">
      <Filter>GamaObject\StageObject</Filter>
    </ClInclude>
    <ClInclude Include="Src\GameObject\Stage\StageCell.h">
      <Filter>GamaObject\Stage</Filter>
    </ClInclude>
    <ClInclude Include="Src\GameObject\Stage\StageGenerator.h">
      <Filter>GamaObject\Stage</Filter>
    </ClInclude>
    <ClInclude Include="Src\GameObject\Slash\Slash.h">
      <Filter>GamaObject\Slash</Filter>
    </ClInclude>
    <ClInclude Include="Src\GameObject\SaveObject\SaveObject.h">
      <Filter>GamaObject\SaveObject</Filter>
    </ClInclude>
    <ClInclude Include="Src\GameObject\Returner\TitleReturner.h">
      <Filter>GamaObject\Returner</Filter>
    </ClInclude>
    <ClInclude Include="Src\GameObject\Character\Player\Player.h">
      <Filter>GamaObject\Character\Player</Filter>
    </ClInclude>
    <ClInclude Include="Src\GameObject\Character\Player\PlayerMovement.h">
      <Filter>GamaObject\Character\Player</Filter>
    </ClInclude>
    <ClInclude Include="Src\GameObject\Character\Player\PlayerAttack.h">
      <Filter>GamaObject\Character\Player</Filter>
    </ClInclude>
    <ClInclude Include="Src\GameSystem\GameSystem.h">
      <Filter>GameSystem</Filter>
    </ClInclude>
    <ClInclude Include="Src\Manager\ArtifactManager.h">
      <Filter>Manager</Filter>
    </ClInclude>
    <ClInclude Include="Src\Manager\AudioManager.h">
      <Filter>Manager</Filter>
    </ClInclude>
    <ClInclude Include="Src\Manager\CollisionManager.h">
      <Filter>Manager</Filter>
    </ClInclude>
    <ClInclude Include="Src\Manager\EffectManager.h">
      <Filter>Manager</Filter>
    </ClInclude>
    <ClInclude Include="Src\Manager\EnemyManager.h">
      <Filter>Manager</Filter>
    </ClInclude>
    <ClInclude Include="Src\Manager\FadeManager.h">
      <Filter>Manager</Filter>
    </ClInclude>
    <ClInclude Include="Src\Manager\FontManager.h">
      <Filter>Manager</Filter>
    </ClInclude>
    <ClInclude Include="Src\Manager\InputManager.h">
      <Filter>Manager</Filter>
    </ClInclude>
    <ClInclude Include="Src\Manager\ItemDropManager.h">
      <Filter>Manager</Filter>
    </ClInclude>
    <ClInclude Include="Src\Manager\SalesManager.h">
      <Filter>Manager</Filter>
    </ClInclude>
    <ClInclude Include="Src\Manager\SaveManager.h">
      <Filter>Manager</Filter>
    </ClInclude>
    <ClInclude Include="Src\Manager\SkillManager.h">
      <Filter>Manager</Filter>
    </ClInclude>
    <ClInclude Include="Src\Manager\SceneManager.h">
      <Filter>Manager</Filter>
    </ClInclude>
    <ClInclude Include="Src\Manager\TimeManager.h">
      <Filter>Manager</Filter>
    </ClInclude>
    <ClInclude Include="Src\Manager\StageManager.h">
      <Filter>Manager</Filter>
    </ClInclude>
    <ClInclude Include="Src\Manager\WeaponManager.h">
      <Filter>Manager</Filter>
    </ClInclude>
    <ClInclude Include="Src\UI\BossSlainUI.h">
      <Filter>UI</Filter>
    </ClInclude>
    <ClInclude Include="Src\UI\CircleGauge.h">
      <Filter>UI</Filter>
    </ClInclude>
    <ClInclude Include="Src\UI\DamagePopup.h">
      <Filter>UI</Filter>
    </ClInclude>
    <ClInclude Include="Src\UI\GameEndUI.h">
      <Filter>UI</Filter>
    </ClInclude>
    <ClInclude Include="Src\UI\Gauge.h">
      <Filter>UI</Filter>
    </ClInclude>
    <ClInclude Include="Src\UI\MenuSaveLoad.h">
      <Filter>UI</Filter>
    </ClInclude>
    <ClInclude Include="Src\UI\TitleUI.h">
      <Filter>UI</Filter>
    </ClInclude>
    <ClInclude Include="Src\Skill\Skill.h">
      <Filter>Skill</Filter>
    </ClInclude>
    <ClInclude Include="Src\Skill\SkillSelectUI.h">
      <Filter>Skill</Filter>
    </ClInclude>
    <ClInclude Include="Src\Scene\BaseScene.h">
      <Filter>Scene</Filter>
    </ClInclude>
    <ClInclude Include="Src\Scene\GameScene.h">
      <Filter>Scene</Filter>
    </ClInclude>
    <ClInclude Include="Src\Scene\SekinoScene.h">
      <Filter>Scene</Filter>
    </ClInclude>
    <ClInclude Include="Src\Scene\TitleScene.h">
      <Filter>Scene</Filter>
    </ClInclude>
    <ClInclude Include="Src\Save\SaveIO.h">
      <Filter>Save</Filter>
    </ClInclude>
    <ClInclude Include="Src\Save\SaveFormat.h">
      <Filter>Save</Filter>
    </ClInclude>
    <ClInclude Include="Src\Manager\LightManager.h">
      <Filter>Manager</Filter>
    </ClInclude>
    <ClInclude Include="..\..\..\LastBB\Hacslike\Hacslike\Src\Manager\ItemManager.h">
      <Filter>Manager</Filter>
    </ClInclude>
    <ClInclude Include="External\msgpack\adaptor\adaptor_base.hpp" />
    <ClInclude Include="External\msgpack\adaptor\adaptor_base_decl.hpp" />
    <ClInclude Include="External\msgpack\adaptor\array_ref.hpp" />
    <ClInclude Include="External\msgpack\adaptor\array_ref_decl.hpp" />
    <ClInclude Include="External\msgpack\adaptor\bool.hpp" />
    <ClInclude Include="External\msgpack\adaptor\boost\fusion.hpp" />
    <ClInclude Include="External\msgpack\adaptor\boost\msgpack_variant.hpp" />
    <ClInclude Include="External\msgpack\adaptor\boost\msgpack_variant_decl.hpp" />
    <ClInclude Include="External\msgpack\adaptor\boost\optional.hpp" />
    <ClInclude Include="External\msgpack\adaptor\boost\string_ref.hpp" />
    <ClInclude Include="External\msgpack\adaptor\boost\string_view.hpp" />
    <ClInclude Include="External\msgpack\adaptor\carray.hpp" />
    <ClInclude Include="External\msgpack\adaptor\char_ptr.hpp" />
    <ClInclude Include="External\msgpack\adaptor\check_container_size.hpp" />
    <ClInclude Include="External\msgpack\adaptor\check_container_size_decl.hpp" />
    <ClInclude Include="External\msgpack\adaptor\complex.hpp" />
    <ClInclude Include="External\msgpack\adaptor\cpp11\array.hpp" />
    <ClInclude Include="External\msgpack\adaptor\cpp11\array_char.hpp" />
    <ClInclude Include="External\msgpack\adaptor\cpp11\array_unsigned_char.hpp" />
    <ClInclude Include="External\msgpack\adaptor\cpp11\chrono.hpp" />
    <ClInclude Include="External\msgpack\adaptor\cpp11\forward_list.hpp" />
    <ClInclude Include="External\msgpack\adaptor\cpp11\reference_wrapper.hpp" />
    <ClInclude Include="External\msgpack\adaptor\cpp11\shared_ptr.hpp" />
    <ClInclude Include="External\msgpack\adaptor\cpp11\timespec.hpp" />
    <ClInclude Include="External\msgpack\adaptor\cpp11\tuple.hpp" />
    <ClInclude Include="External\msgpack\adaptor\cpp11\unique_ptr.hpp" />
    <ClInclude Include="External\msgpack\adaptor\cpp11\unordered_map.hpp" />
    <ClInclude Include="External\msgpack\adaptor\cpp11\unordered_set.hpp" />
    <ClInclude Include="External\msgpack\adaptor\cpp17\array_byte.hpp" />
    <ClInclude Include="External\msgpack\adaptor\cpp17\byte.hpp" />
    <ClInclude Include="External\msgpack\adaptor\cpp17\carray_byte.hpp" />
    <ClInclude Include="External\msgpack\adaptor\cpp17\optional.hpp" />
    <ClInclude Include="External\msgpack\adaptor\cpp17\string_view.hpp" />
    <ClInclude Include="External\msgpack\adaptor\cpp17\variant.hpp" />
    <ClInclude Include="External\msgpack\adaptor\cpp17\vector_byte.hpp" />
    <ClInclude Include="External\msgpack\adaptor\cpp20\span.hpp" />
    <ClInclude Include="External\msgpack\adaptor\define.hpp" />
    <ClInclude Include="External\msgpack\adaptor\define_decl.hpp" />
    <ClInclude Include="External\msgpack\adaptor\deque.hpp" />
    <ClInclude Include="External\msgpack\adaptor\ext.hpp" />
    <ClInclude Include="External\msgpack\adaptor\ext_decl.hpp" />
    <ClInclude Include="External\msgpack\adaptor\fixint.hpp" />
    <ClInclude Include="External\msgpack\adaptor\fixint_decl.hpp" />
    <ClInclude Include="External\msgpack\adaptor\float.hpp" />
    <ClInclude Include="External\msgpack\adaptor\int.hpp" />
    <ClInclude Include="External\msgpack\adaptor\int_decl.hpp" />
    <ClInclude Include="External\msgpack\adaptor\list.hpp" />
    <ClInclude Include="External\msgpack\adaptor\map.hpp" />
    <ClInclude Include="External\msgpack\adaptor\map_decl.hpp" />
    <ClInclude Include="External\msgpack\adaptor\msgpack_tuple.hpp" />
    <ClInclude Include="External\msgpack\adaptor\msgpack_tuple_decl.hpp" />
    <ClInclude Include="External\msgpack\adaptor\nil.hpp" />
    <ClInclude Include="External\msgpack\adaptor\nil_decl.hpp" />
    <ClInclude Include="External\msgpack\adaptor\pair.hpp" />
    <ClInclude Include="External\msgpack\adaptor\raw.hpp" />
    <ClInclude Include="External\msgpack\adaptor\raw_decl.hpp" />
    <ClInclude Include="External\msgpack\adaptor\set.hpp" />
    <ClInclude Include="External\msgpack\adaptor\size_equal_only.hpp" />
    <ClInclude Include="External\msgpack\adaptor\size_equal_only_decl.hpp" />
    <ClInclude Include="External\msgpack\adaptor\string.hpp" />
    <ClInclude Include="External\msgpack\adaptor\tr1\unordered_map.hpp" />
    <ClInclude Include="External\msgpack\adaptor\tr1\unordered_set.hpp" />
    <ClInclude Include="External\msgpack\adaptor\v4raw.hpp" />
    <ClInclude Include="External\msgpack\adaptor\v4raw_decl.hpp" />
    <ClInclude Include="External\msgpack\adaptor\vector.hpp" />
    <ClInclude Include="External\msgpack\adaptor\vector_bool.hpp" />
    <ClInclude Include="External\msgpack\adaptor\vector_char.hpp" />
    <ClInclude Include="External\msgpack\adaptor\vector_unsigned_char.hpp" />
    <ClInclude Include="External\msgpack\adaptor\wstring.hpp" />
    <ClInclude Include="External\msgpack\assert.hpp" />
    <ClInclude Include="External\msgpack\cpp_config.hpp" />
    <ClInclude Include="External\msgpack\cpp_config_decl.hpp" />
    <ClInclude Include="External\msgpack\cpp_version.hpp" />
    <ClInclude Include="External\msgpack\create_object_visitor.hpp" />
    <ClInclude Include="External\msgpack\create_object_visitor_decl.hpp" />
    <ClInclude Include="External\msgpack\fbuffer.hpp" />
    <ClInclude Include="External\msgpack\fbuffer_decl.hpp" />
    <ClInclude Include="External\msgpack\gcc_atomic.hpp" />
    <ClInclude Include="External\msgpack\iterator.hpp" />
    <ClInclude Include="External\msgpack\iterator_decl.hpp" />
    <ClInclude Include="External\msgpack\meta.hpp" />
    <ClInclude Include="External\msgpack\meta_decl.hpp" />
    <ClInclude Include="External\msgpack\null_visitor.hpp" />
    <ClInclude Include="External\msgpack\null_visitor_decl.hpp" />
    <ClInclude Include="External\msgpack\object.hpp" />
    <ClInclude Include="External\msgpack\object_decl.hpp" />
    <ClInclude Include="External\msgpack\object_fwd.hpp" />
    <ClInclude Include="External\msgpack\object_fwd_decl.hpp" />
    <ClInclude Include="External\msgpack\pack.hpp" />
    <ClInclude Include="External\msgpack\pack_decl.hpp" />
    <ClInclude Include="External\msgpack\parse.hpp" />
    <ClInclude Include="External\msgpack\parse_decl.hpp" />
    <ClInclude Include="External\msgpack\parse_return.hpp" />
    <ClInclude Include="External\msgpack\predef\architecture\alpha.h" />
    <ClInclude Include="External\msgpack\predef\architecture\arm.h" />
    <ClInclude Include="External\msgpack\predef\architecture\blackfin.h" />
    <ClInclude Include="External\msgpack\predef\architecture\convex.h" />
    <ClInclude Include="External\msgpack\predef\architecture\ia64.h" />
    <ClInclude Include="External\msgpack\predef\architecture\m68k.h" />
    <ClInclude Include="External\msgpack\predef\architecture\mips.h" />
    <ClInclude Include="External\msgpack\predef\architecture\parisc.h" />
    <ClInclude Include="External\msgpack\predef\architecture\ppc.h" />
    <ClInclude Include="External\msgpack\predef\architecture\ptx.h" />
    <ClInclude Include="External\msgpack\predef\architecture\pyramid.h" />
    <ClInclude Include="External\msgpack\predef\architecture\rs6k.h" />
    <ClInclude Include="External\msgpack\predef\architecture\sparc.h" />
    <ClInclude Include="External\msgpack\predef\architecture\superh.h" />
    <ClInclude Include="External\msgpack\predef\architecture\sys370.h" />
    <ClInclude Include="External\msgpack\predef\architecture\sys390.h" />
    <ClInclude Include="External\msgpack\predef\architecture\x86.h" />
    <ClInclude Include="External\msgpack\predef\architecture\z.h" />
    <ClInclude Include="External\msgpack\predef\architecture.h" />
    <ClInclude Include="External\msgpack\predef\compiler\borland.h" />
    <ClInclude Include="External\msgpack\predef\compiler\clang.h" />
    <ClInclude Include="External\msgpack\predef\compiler\comeau.h" />
    <ClInclude Include="External\msgpack\predef\compiler\compaq.h" />
    <ClInclude Include="External\msgpack\predef\compiler\diab.h" />
    <ClInclude Include="External\msgpack\predef\compiler\digitalmars.h" />
    <ClInclude Include="External\msgpack\predef\compiler\dignus.h" />
    <ClInclude Include="External\msgpack\predef\compiler\edg.h" />
    <ClInclude Include="External\msgpack\predef\compiler\ekopath.h" />
    <ClInclude Include="External\msgpack\predef\compiler\gcc.h" />
    <ClInclude Include="External\msgpack\predef\compiler\gcc_xml.h" />
    <ClInclude Include="External\msgpack\predef\compiler\greenhills.h" />
    <ClInclude Include="External\msgpack\predef\compiler\hp_acc.h" />
    <ClInclude Include="External\msgpack\predef\compiler\iar.h" />
    <ClInclude Include="External\msgpack\predef\compiler\ibm.h" />
    <ClInclude Include="External\msgpack\predef\compiler\intel.h" />
    <ClInclude Include="External\msgpack\predef\compiler\kai.h" />
    <ClInclude Include="External\msgpack\predef\compiler\llvm.h" />
    <ClInclude Include="External\msgpack\predef\compiler\metaware.h" />
    <ClInclude Include="External\msgpack\predef\compiler\metrowerks.h" />
    <ClInclude Include="External\msgpack\predef\compiler\microtec.h" />
    <ClInclude Include="External\msgpack\predef\compiler\mpw.h" />
    <ClInclude Include="External\msgpack\predef\compiler\nvcc.h" />
    <ClInclude Include="External\msgpack\predef\compiler\palm.h" />
    <ClInclude Include="External\msgpack\predef\compiler\pgi.h" />
    <ClInclude Include="External\msgpack\predef\compiler\sgi_mipspro.h" />
    <ClInclude Include="External\msgpack\predef\compiler\sunpro.h" />
    <ClInclude Include="External\msgpack\predef\compiler\tendra.h" />
    <ClInclude Include="External\msgpack\predef\compiler\visualc.h" />
    <ClInclude Include="External\msgpack\predef\compiler\watcom.h" />
    <ClInclude Include="External\msgpack\predef\compiler.h" />
    <ClInclude Include="External\msgpack\predef\detail\comp_detected.h" />
    <ClInclude Include="External\msgpack\predef\detail\endian_compat.h" />
    <ClInclude Include="External\msgpack\predef\detail\os_detected.h" />
    <ClInclude Include="External\msgpack\predef\detail\platform_detected.h" />
    <ClInclude Include="External\msgpack\predef\detail\test.h" />
    <ClInclude Include="External\msgpack\predef\detail\test_def.h" />
    <ClInclude Include="External\msgpack\predef\detail\_cassert.h" />
    <ClInclude Include="External\msgpack\predef\detail\_exception.h" />
    <ClInclude Include="External\msgpack\predef\hardware\simd\arm.h" />
    <ClInclude Include="External\msgpack\predef\hardware\simd\ppc\versions.h" />
    <ClInclude Include="External\msgpack\predef\hardware\simd\ppc.h" />
    <ClInclude Include="External\msgpack\predef\hardware\simd\x86.h" />
    <ClInclude Include="External\msgpack\predef\hardware\simd\x86_amd\versions.h" />
    <ClInclude Include="External\msgpack\predef\hardware\simd\x86_amd.h" />
    <ClInclude Include="External\msgpack\predef\hardware\simd.h" />
    <ClInclude Include="External\msgpack\predef\hardware.h" />
    <ClInclude Include="External\msgpack\predef\language\cuda.h" />
    <ClInclude Include="External\msgpack\predef\language\objc.h" />
    <ClInclude Include="External\msgpack\predef\language\stdc.h" />
    <ClInclude Include="External\msgpack\predef\language\stdcpp.h" />
    <ClInclude Include="External\msgpack\predef\language.h" />
    <ClInclude Include="External\msgpack\predef\library\c\cloudabi.h" />
    <ClInclude Include="External\msgpack\predef\library\c\gnu.h" />
    <ClInclude Include="External\msgpack\predef\library\c\uc.h" />
    <ClInclude Include="External\msgpack\predef\library\c\vms.h" />
    <ClInclude Include="External\msgpack\predef\library\c\zos.h" />
    <ClInclude Include="External\msgpack\predef\library\c\_prefix.h" />
    <ClInclude Include="External\msgpack\predef\library\c.h" />
    <ClInclude Include="External\msgpack\predef\library\std\cxx.h" />
    <ClInclude Include="External\msgpack\predef\library\std\dinkumware.h" />
    <ClInclude Include="External\msgpack\predef\library\std\libcomo.h" />
    <ClInclude Include="External\msgpack\predef\library\std\modena.h" />
    <ClInclude Include="External\msgpack\predef\library\std\msl.h" />
    <ClInclude Include="External\msgpack\predef\library\std\roguewave.h" />
    <ClInclude Include="External\msgpack\predef\library\std\sgi.h" />
    <ClInclude Include="External\msgpack\predef\library\std\stdcpp3.h" />
    <ClInclude Include="External\msgpack\predef\library\std\stlport.h" />
    <ClInclude Include="External\msgpack\predef\library\std\vacpp.h" />
    <ClInclude Include="External\msgpack\predef\library\std\_prefix.h" />
    <ClInclude Include="External\msgpack\predef\library\std.h" />
    <ClInclude Include="External\msgpack\predef\library.h" />
    <ClInclude Include="External\msgpack\predef\make.h" />
    <ClInclude Include="External\msgpack\predef\os\aix.h" />
    <ClInclude Include="External\msgpack\predef\os\amigaos.h" />
    <ClInclude Include="External\msgpack\predef\os\android.h" />
    <ClInclude Include="External\msgpack\predef\os\beos.h" />
    <ClInclude Include="External\msgpack\predef\os\bsd\bsdi.h" />
    <ClInclude Include="External\msgpack\predef\os\bsd\dragonfly.h" />
    <ClInclude Include="External\msgpack\predef\os\bsd\free.h" />
    <ClInclude Include="External\msgpack\predef\os\bsd\net.h" />
    <ClInclude Include="External\msgpack\predef\os\bsd\open.h" />
    <ClInclude Include="External\msgpack\predef\os\bsd.h" />
    <ClInclude Include="External\msgpack\predef\os\cygwin.h" />
    <ClInclude Include="External\msgpack\predef\os\haiku.h" />
    <ClInclude Include="External\msgpack\predef\os\hpux.h" />
    <ClInclude Include="External\msgpack\predef\os\ios.h" />
    <ClInclude Include="External\msgpack\predef\os\irix.h" />
    <ClInclude Include="External\msgpack\predef\os\linux.h" />
    <ClInclude Include="External\msgpack\predef\os\macos.h" />
    <ClInclude Include="External\msgpack\predef\os\os400.h" />
    <ClInclude Include="External\msgpack\predef\os\qnxnto.h" />
    <ClInclude Include="External\msgpack\predef\os\solaris.h" />
    <ClInclude Include="External\msgpack\predef\os\unix.h" />
    <ClInclude Include="External\msgpack\predef\os\vms.h" />
    <ClInclude Include="External\msgpack\predef\os\windows.h" />
    <ClInclude Include="External\msgpack\predef\os.h" />
    <ClInclude Include="External\msgpack\predef\other\endian.h" />
    <ClInclude Include="External\msgpack\predef\other\workaround.h" />
    <ClInclude Include="External\msgpack\predef\other.h" />
    <ClInclude Include="External\msgpack\predef\platform\cloudabi.h" />
    <ClInclude Include="External\msgpack\predef\platform\ios.h" />
    <ClInclude Include="External\msgpack\predef\platform\mingw.h" />
    <ClInclude Include="External\msgpack\predef\platform\mingw32.h" />
    <ClInclude Include="External\msgpack\predef\platform\mingw64.h" />
    <ClInclude Include="External\msgpack\predef\platform\windows_desktop.h" />
    <ClInclude Include="External\msgpack\predef\platform\windows_phone.h" />
    <ClInclude Include="External\msgpack\predef\platform\windows_runtime.h" />
    <ClInclude Include="External\msgpack\predef\platform\windows_server.h" />
    <ClInclude Include="External\msgpack\predef\platform\windows_store.h" />
    <ClInclude Include="External\msgpack\predef\platform\windows_system.h" />
    <ClInclude Include="External\msgpack\predef\platform\windows_uwp.h" />
    <ClInclude Include="External\msgpack\predef\platform.h" />
    <ClInclude Include="External\msgpack\predef\version.h" />
    <ClInclude Include="External\msgpack\predef\version_number.h" />
    <ClInclude Include="External\msgpack\predef.h" />
    <ClInclude Include="External\msgpack\preprocessor\arithmetic\add.hpp" />
    <ClInclude Include="External\msgpack\preprocessor\arithmetic\dec.hpp" />
    <ClInclude Include="External\msgpack\preprocessor\arithmetic\detail\div_base.hpp" />
    <ClInclude Include="External\msgpack\preprocessor\arithmetic\div.hpp" />
    <ClInclude Include="External\msgpack\preprocessor\arithmetic\inc.hpp" />
    <ClInclude Include="External\msgpack\preprocessor\arithmetic\mod.hpp" />
    <ClInclude Include="External\msgpack\preprocessor\arithmetic\mul.hpp" />
    <ClInclude Include="External\msgpack\preprocessor\arithmetic\sub.hpp" />
    <ClInclude Include="External\msgpack\preprocessor\arithmetic.hpp" />
    <ClInclude Include="External\msgpack\preprocessor\array\data.hpp" />
    <ClInclude Include="External\msgpack\preprocessor\array\detail\get_data.hpp" />
    <ClInclude Include="External\msgpack\preprocessor\array\elem.hpp" />
    <ClInclude Include="External\msgpack\preprocessor\array\enum.hpp" />
    <ClInclude Include="External\msgpack\preprocessor\array\insert.hpp" />
    <ClInclude Include="External\msgpack\preprocessor\array\pop_back.hpp" />
    <ClInclude Include="External\msgpack\preprocessor\array\pop_front.hpp" />
    <ClInclude Include="External\msgpack\preprocessor\array\push_back.hpp" />
    <ClInclude Include="External\msgpack\preprocessor\array\push_front.hpp" />
    <ClInclude Include="External\msgpack\preprocessor\array\remove.hpp" />
    <ClInclude Include="External\msgpack\preprocessor\array\replace.hpp" />
    <ClInclude Include="External\msgpack\preprocessor\array\reverse.hpp" />
    <ClInclude Include="External\msgpack\preprocessor\array\size.hpp" />
    <ClInclude Include="External\msgpack\preprocessor\array\to_list.hpp" />
    <ClInclude Include="External\msgpack\preprocessor\array\to_seq.hpp" />
    <ClInclude Include="External\msgpack\preprocessor\array\to_tuple.hpp" />
    <ClInclude Include="External\msgpack\preprocessor\array.hpp" />
    <ClInclude Include="External\msgpack\preprocessor\assert_msg.hpp" />
    <ClInclude Include="External\msgpack\preprocessor\cat.hpp" />
    <ClInclude Include="External\msgpack\preprocessor\comma.hpp" />
    <ClInclude Include="External\msgpack\preprocessor\comma_if.hpp" />
    <ClInclude Include="External\msgpack\preprocessor\comparison\equal.hpp" />
    <ClInclude Include="External\msgpack\preprocessor\comparison\greater.hpp" />
    <ClInclude Include="External\msgpack\preprocessor\comparison\greater_equal.hpp" />
    <ClInclude Include="External\msgpack\preprocessor\comparison\less.hpp" />
    <ClInclude Include="External\msgpack\preprocessor\comparison\less_equal.hpp" />
    <ClInclude Include="External\msgpack\preprocessor\comparison\not_equal.hpp" />
    <ClInclude Include="External\msgpack\preprocessor\comparison.hpp" />
    <ClInclude Include="External\msgpack\preprocessor\config\config.hpp" />
    <ClInclude Include="External\msgpack\preprocessor\config\limits.hpp" />
    <ClInclude Include="External\msgpack\preprocessor\control\deduce_d.hpp" />
    <ClInclude Include="External\msgpack\preprocessor\control\detail\dmc\while.hpp" />
    <ClInclude Include="External\msgpack\preprocessor\control\detail\edg\while.hpp" />
    <ClInclude Include="External\msgpack\preprocessor\control\detail\msvc\while.hpp" />
    <ClInclude Include="External\msgpack\preprocessor\control\detail\while.hpp" />
    <ClInclude Include="External\msgpack\preprocessor\control\expr_if.hpp" />
    <ClInclude Include="External\msgpack\preprocessor\control\expr_iif.hpp" />
    <ClInclude Include="External\msgpack\preprocessor\control\if.hpp" />
    <ClInclude Include="External\msgpack\preprocessor\control\iif.hpp" />
    <ClInclude Include="External\msgpack\preprocessor\control\while.hpp" />
    <ClInclude Include="External\msgpack\preprocessor\control.hpp" />
    <ClInclude Include="External\msgpack\preprocessor\debug.hpp" />
    <ClInclude Include="External\msgpack\preprocessor\dec.hpp" />
    <ClInclude Include="External\msgpack\preprocessor\detail\auto_rec.hpp" />
    <ClInclude Include="External\msgpack\preprocessor\detail\check.hpp" />
    <ClInclude Include="External\msgpack\preprocessor\detail\dmc\auto_rec.hpp" />
    <ClInclude Include="External\msgpack\preprocessor\detail\is_binary.hpp" />
    <ClInclude Include="External\msgpack\preprocessor\detail\is_nullary.hpp" />
    <ClInclude Include="External\msgpack\preprocessor\detail\is_unary.hpp" />
    <ClInclude Include="External\msgpack\preprocessor\detail\null.hpp" />
    <ClInclude Include="External\msgpack\preprocessor\detail\split.hpp" />
    <ClInclude Include="External\msgpack\preprocessor\empty.hpp" />
    <ClInclude Include="External\msgpack\preprocessor\enum.hpp" />
    <ClInclude Include="External\msgpack\preprocessor\enum_params.hpp" />
    <ClInclude Include="External\msgpack\preprocessor\enum_params_with_a_default.hpp" />
    <ClInclude Include="External\msgpack\preprocessor\enum_params_with_defaults.hpp" />
    <ClInclude Include="External\msgpack\preprocessor\enum_shifted.hpp" />
    <ClInclude Include="External\msgpack\preprocessor\enum_shifted_params.hpp" />
    <ClInclude Include="External\msgpack\preprocessor\expand.hpp" />
    <ClInclude Include="External\msgpack\preprocessor\expr_if.hpp" />
    <ClInclude Include="External\msgpack\preprocessor\facilities\apply.hpp" />
    <ClInclude Include="External\msgpack\preprocessor\facilities\detail\is_empty.hpp" />
    <ClInclude Include="External\msgpack\preprocessor\facilities\empty.hpp" />
    <ClInclude Include="External\msgpack\preprocessor\facilities\expand.hpp" />
    <ClInclude Include="External\msgpack\preprocessor\facilities\identity.hpp" />
    <ClInclude Include="External\msgpack\preprocessor\facilities\intercept.hpp" />
    <ClInclude Include="External\msgpack\preprocessor\facilities\is_1.hpp" />
    <ClInclude Include="External\msgpack\preprocessor\facilities\is_empty.hpp" />
    <ClInclude Include="External\msgpack\preprocessor\facilities\is_empty_or_1.hpp" />
    <ClInclude Include="External\msgpack\preprocessor\facilities\is_empty_variadic.hpp" />
    <ClInclude Include="External\msgpack\preprocessor\facilities\overload.hpp" />
    <ClInclude Include="External\msgpack\preprocessor\facilities.hpp" />
    <ClInclude Include="External\msgpack\preprocessor\for.hpp" />
    <ClInclude Include="External\msgpack\preprocessor\identity.hpp" />
    <ClInclude Include="External\msgpack\preprocessor\if.hpp" />
    <ClInclude Include="External\msgpack\preprocessor\inc.hpp" />
    <ClInclude Include="External\msgpack\preprocessor\iterate.hpp" />
    <ClInclude Include="External\msgpack\preprocessor\iteration\detail\bounds\lower1.hpp" />
    <ClInclude Include="External\msgpack\preprocessor\iteration\detail\bounds\lower2.hpp" />
    <ClInclude Include="External\msgpack\preprocessor\iteration\detail\bounds\lower3.hpp" />
    <ClInclude Include="External\msgpack\preprocessor\iteration\detail\bounds\lower4.hpp" />
    <ClInclude Include="External\msgpack\preprocessor\iteration\detail\bounds\lower5.hpp" />
    <ClInclude Include="External\msgpack\preprocessor\iteration\detail\bounds\upper1.hpp" />
    <ClInclude Include="External\msgpack\preprocessor\iteration\detail\bounds\upper2.hpp" />
    <ClInclude Include="External\msgpack\preprocessor\iteration\detail\bounds\upper3.hpp" />
    <ClInclude Include="External\msgpack\preprocessor\iteration\detail\bounds\upper4.hpp" />
    <ClInclude Include="External\msgpack\preprocessor\iteration\detail\bounds\upper5.hpp" />
    <ClInclude Include="External\msgpack\preprocessor\iteration\detail\finish.hpp" />
    <ClInclude Include="External\msgpack\preprocessor\iteration\detail\iter\forward1.hpp" />
    <ClInclude Include="External\msgpack\preprocessor\iteration\detail\iter\forward2.hpp" />
    <ClInclude Include="External\msgpack\preprocessor\iteration\detail\iter\forward3.hpp" />
    <ClInclude Include="External\msgpack\preprocessor\iteration\detail\iter\forward4.hpp" />
    <ClInclude Include="External\msgpack\preprocessor\iteration\detail\iter\forward5.hpp" />
    <ClInclude Include="External\msgpack\preprocessor\iteration\detail\iter\reverse1.hpp" />
    <ClInclude Include="External\msgpack\preprocessor\iteration\detail\iter\reverse2.hpp" />
    <ClInclude Include="External\msgpack\preprocessor\iteration\detail\iter\reverse3.hpp" />
    <ClInclude Include="External\msgpack\preprocessor\iteration\detail\iter\reverse4.hpp" />
    <ClInclude Include="External\msgpack\preprocessor\iteration\detail\iter\reverse5.hpp" />
    <ClInclude Include="External\msgpack\preprocessor\iteration\detail\local.hpp" />
    <ClInclude Include="External\msgpack\preprocessor\iteration\detail\rlocal.hpp" />
    <ClInclude Include="External\msgpack\preprocessor\iteration\detail\self.hpp" />
    <ClInclude Include="External\msgpack\preprocessor\iteration\detail\start.hpp" />
    <ClInclude Include="External\msgpack\preprocessor\iteration\iterate.hpp" />
    <ClInclude Include="External\msgpack\preprocessor\iteration\local.hpp" />
    <ClInclude Include="External\msgpack\preprocessor\iteration\self.hpp" />
    <ClInclude Include="External\msgpack\preprocessor\iteration.hpp" />
    <ClInclude Include="External\msgpack\preprocessor\library.hpp" />
    <ClInclude Include="External\msgpack\preprocessor\limits.hpp" />
    <ClInclude Include="External\msgpack\preprocessor\list\adt.hpp" />
    <ClInclude Include="External\msgpack\preprocessor\list\append.hpp" />
    <ClInclude Include="External\msgpack\preprocessor\list\at.hpp" />
    <ClInclude Include="External\msgpack\preprocessor\list\cat.hpp" />
    <ClInclude Include="External\msgpack\preprocessor\list\detail\dmc\fold_left.hpp" />
    <ClInclude Include="External\msgpack\preprocessor\list\detail\edg\fold_left.hpp" />
    <ClInclude Include="External\msgpack\preprocessor\list\detail\edg\fold_right.hpp" />
    <ClInclude Include="External\msgpack\preprocessor\list\detail\fold_left.hpp" />
    <ClInclude Include="External\msgpack\preprocessor\list\detail\fold_right.hpp" />
    <ClInclude Include="External\msgpack\preprocessor\list\enum.hpp" />
    <ClInclude Include="External\msgpack\preprocessor\list\filter.hpp" />
    <ClInclude Include="External\msgpack\preprocessor\list\first_n.hpp" />
    <ClInclude Include="External\msgpack\preprocessor\list\fold_left.hpp" />
    <ClInclude Include="External\msgpack\preprocessor\list\fold_right.hpp" />
    <ClInclude Include="External\msgpack\preprocessor\list\for_each.hpp" />
    <ClInclude Include="External\msgpack\preprocessor\list\for_each_i.hpp" />
    <ClInclude Include="External\msgpack\preprocessor\list\for_each_product.hpp" />
    <ClInclude Include="External\msgpack\preprocessor\list\rest_n.hpp" />
    <ClInclude Include="External\msgpack\preprocessor\list\reverse.hpp" />
    <ClInclude Include="External\msgpack\preprocessor\list\size.hpp" />
    <ClInclude Include="External\msgpack\preprocessor\list\to_array.hpp" />
    <ClInclude Include="External\msgpack\preprocessor\list\to_seq.hpp" />
    <ClInclude Include="External\msgpack\preprocessor\list\to_tuple.hpp" />
    <ClInclude Include="External\msgpack\preprocessor\list\transform.hpp" />
    <ClInclude Include="External\msgpack\preprocessor\list.hpp" />
    <ClInclude Include="External\msgpack\preprocessor\logical\and.hpp" />
    <ClInclude Include="External\msgpack\preprocessor\logical\bitand.hpp" />
    <ClInclude Include="External\msgpack\preprocessor\logical\bitnor.hpp" />
    <ClInclude Include="External\msgpack\preprocessor\logical\bitor.hpp" />
    <ClInclude Include="External\msgpack\preprocessor\logical\bitxor.hpp" />
    <ClInclude Include="External\msgpack\preprocessor\logical\bool.hpp" />
    <ClInclude Include="External\msgpack\preprocessor\logical\compl.hpp" />
    <ClInclude Include="External\msgpack\preprocessor\logical\nor.hpp" />
    <ClInclude Include="External\msgpack\preprocessor\logical\not.hpp" />
    <ClInclude Include="External\msgpack\preprocessor\logical\or.hpp" />
    <ClInclude Include="External\msgpack\preprocessor\logical\xor.hpp" />
    <ClInclude Include="External\msgpack\preprocessor\logical.hpp" />
    <ClInclude Include="External\msgpack\preprocessor\max.hpp" />
    <ClInclude Include="External\msgpack\preprocessor\min.hpp" />
    <ClInclude Include="External\msgpack\preprocessor\punctuation\comma.hpp" />
    <ClInclude Include="External\msgpack\preprocessor\punctuation\comma_if.hpp" />
    <ClInclude Include="External\msgpack\preprocessor\punctuation\detail\is_begin_parens.hpp" />
    <ClInclude Include="External\msgpack\preprocessor\punctuation\is_begin_parens.hpp" />
    <ClInclude Include="External\msgpack\preprocessor\punctuation\paren.hpp" />
    <ClInclude Include="External\msgpack\preprocessor\punctuation\paren_if.hpp" />
    <ClInclude Include="External\msgpack\preprocessor\punctuation\remove_parens.hpp" />
    <ClInclude Include="External\msgpack\preprocessor\punctuation.hpp" />
    <ClInclude Include="External\msgpack\preprocessor\repeat.hpp" />
    <ClInclude Include="External\msgpack\preprocessor\repeat_2nd.hpp" />
    <ClInclude Include="External\msgpack\preprocessor\repeat_3rd.hpp" />
    <ClInclude Include="External\msgpack\preprocessor\repeat_from_to.hpp" />
    <ClInclude Include="External\msgpack\preprocessor\repeat_from_to_2nd.hpp" />
    <ClInclude Include="External\msgpack\preprocessor\repeat_from_to_3rd.hpp" />
    <ClInclude Include="External\msgpack\preprocessor\repetition\deduce_r.hpp" />
    <ClInclude Include="External\msgpack\preprocessor\repetition\deduce_z.hpp" />
    <ClInclude Include="External\msgpack\preprocessor\repetition\detail\dmc\for.hpp" />
    <ClInclude Include="External\msgpack\preprocessor\repetition\detail\edg\for.hpp" />
    <ClInclude Include="External\msgpack\preprocessor\repetition\detail\for.hpp" />
    <ClInclude Include="External\msgpack\preprocessor\repetition\detail\msvc\for.hpp" />
    <ClInclude Include="External\msgpack\preprocessor\repetition\enum.hpp" />
    <ClInclude Include="External\msgpack\preprocessor\repetition\enum_binary_params.hpp" />
    <ClInclude Include="External\msgpack\preprocessor\repetition\enum_params.hpp" />
    <ClInclude Include="External\msgpack\preprocessor\repetition\enum_params_with_a_default.hpp" />
    <ClInclude Include="External\msgpack\preprocessor\repetition\enum_params_with_defaults.hpp" />
    <ClInclude Include="External\msgpack\preprocessor\repetition\enum_shifted.hpp" />
    <ClInclude Include="External\msgpack\preprocessor\repetition\enum_shifted_binary_params.hpp" />
    <ClInclude Include="External\msgpack\preprocessor\repetition\enum_shifted_params.hpp" />
    <ClInclude Include="External\msgpack\preprocessor\repetition\enum_trailing.hpp" />
    <ClInclude Include="External\msgpack\preprocessor\repetition\enum_trailing_binary_params.hpp" />
    <ClInclude Include="External\msgpack\preprocessor\repetition\enum_trailing_params.hpp" />
    <ClInclude Include="External\msgpack\preprocessor\repetition\for.hpp" />
    <ClInclude Include="External\msgpack\preprocessor\repetition\repeat.hpp" />
    <ClInclude Include="External\msgpack\preprocessor\repetition\repeat_from_to.hpp" />
    <ClInclude Include="External\msgpack\preprocessor\repetition.hpp" />
    <ClInclude Include="External\msgpack\preprocessor\selection\max.hpp" />
    <ClInclude Include="External\msgpack\preprocessor\selection\min.hpp" />
    <ClInclude Include="External\msgpack\preprocessor\selection.hpp" />
    <ClInclude Include="External\msgpack\preprocessor\seq\cat.hpp" />
    <ClInclude Include="External\msgpack\preprocessor\seq\detail\binary_transform.hpp" />
    <ClInclude Include="External\msgpack\preprocessor\seq\detail\is_empty.hpp" />
    <ClInclude Include="External\msgpack\preprocessor\seq\detail\split.hpp" />
    <ClInclude Include="External\msgpack\preprocessor\seq\detail\to_list_msvc.hpp" />
    <ClInclude Include="External\msgpack\preprocessor\seq\elem.hpp" />
    <ClInclude Include="External\msgpack\preprocessor\seq\enum.hpp" />
    <ClInclude Include="External\msgpack\preprocessor\seq\filter.hpp" />
    <ClInclude Include="External\msgpack\preprocessor\seq\first_n.hpp" />
    <ClInclude Include="External\msgpack\preprocessor\seq\fold_left.hpp" />
    <ClInclude Include="External\msgpack\preprocessor\seq\fold_right.hpp" />
    <ClInclude Include="External\msgpack\preprocessor\seq\for_each.hpp" />
    <ClInclude Include="External\msgpack\preprocessor\seq\for_each_i.hpp" />
    <ClInclude Include="External\msgpack\preprocessor\seq\for_each_product.hpp" />
    <ClInclude Include="External\msgpack\preprocessor\seq\insert.hpp" />
    <ClInclude Include="External\msgpack\preprocessor\seq\pop_back.hpp" />
    <ClInclude Include="External\msgpack\preprocessor\seq\pop_front.hpp" />
    <ClInclude Include="External\msgpack\preprocessor\seq\push_back.hpp" />
    <ClInclude Include="External\msgpack\preprocessor\seq\push_front.hpp" />
    <ClInclude Include="External\msgpack\preprocessor\seq\remove.hpp" />
    <ClInclude Include="External\msgpack\preprocessor\seq\replace.hpp" />
    <ClInclude Include="External\msgpack\preprocessor\seq\rest_n.hpp" />
    <ClInclude Include="External\msgpack\preprocessor\seq\reverse.hpp" />
    <ClInclude Include="External\msgpack\preprocessor\seq\seq.hpp" />
    <ClInclude Include="External\msgpack\preprocessor\seq\size.hpp" />
    <ClInclude Include="External\msgpack\preprocessor\seq\subseq.hpp" />
    <ClInclude Include="External\msgpack\preprocessor\seq\to_array.hpp" />
    <ClInclude Include="External\msgpack\preprocessor\seq\to_list.hpp" />
    <ClInclude Include="External\msgpack\preprocessor\seq\to_tuple.hpp" />
    <ClInclude Include="External\msgpack\preprocessor\seq\transform.hpp" />
    <ClInclude Include="External\msgpack\preprocessor\seq\variadic_seq_to_seq.hpp" />
    <ClInclude Include="External\msgpack\preprocessor\seq.hpp" />
    <ClInclude Include="External\msgpack\preprocessor\slot\counter.hpp" />
    <ClInclude Include="External\msgpack\preprocessor\slot\detail\counter.hpp" />
    <ClInclude Include="External\msgpack\preprocessor\slot\detail\def.hpp" />
    <ClInclude Include="External\msgpack\preprocessor\slot\detail\shared.hpp" />
    <ClInclude Include="External\msgpack\preprocessor\slot\detail\slot1.hpp" />
    <ClInclude Include="External\msgpack\preprocessor\slot\detail\slot2.hpp" />
    <ClInclude Include="External\msgpack\preprocessor\slot\detail\slot3.hpp" />
    <ClInclude Include="External\msgpack\preprocessor\slot\detail\slot4.hpp" />
    <ClInclude Include="External\msgpack\preprocessor\slot\detail\slot5.hpp" />
    <ClInclude Include="External\msgpack\preprocessor\slot\slot.hpp" />
    <ClInclude Include="External\msgpack\preprocessor\slot.hpp" />
    <ClInclude Include="External\msgpack\preprocessor\stringize.hpp" />
    <ClInclude Include="External\msgpack\preprocessor\tuple\detail\is_single_return.hpp" />
    <ClInclude Include="External\msgpack\preprocessor\tuple\eat.hpp" />
    <ClInclude Include="External\msgpack\preprocessor\tuple\elem.hpp" />
    <ClInclude Include="External\msgpack\preprocessor\tuple\enum.hpp" />
    <ClInclude Include="External\msgpack\preprocessor\tuple\insert.hpp" />
    <ClInclude Include="External\msgpack\preprocessor\tuple\pop_back.hpp" />
    <ClInclude Include="External\msgpack\preprocessor\tuple\pop_front.hpp" />
    <ClInclude Include="External\msgpack\preprocessor\tuple\push_back.hpp" />
    <ClInclude Include="External\msgpack\preprocessor\tuple\push_front.hpp" />
    <ClInclude Include="External\msgpack\preprocessor\tuple\rem.hpp" />
    <ClInclude Include="External\msgpack\preprocessor\tuple\remove.hpp" />
    <ClInclude Include="External\msgpack\preprocessor\tuple\replace.hpp" />
    <ClInclude Include="External\msgpack\preprocessor\tuple\reverse.hpp" />
    <ClInclude Include="External\msgpack\preprocessor\tuple\size.hpp" />
    <ClInclude Include="External\msgpack\preprocessor\tuple\to_array.hpp" />
    <ClInclude Include="External\msgpack\preprocessor\tuple\to_list.hpp" />
    <ClInclude Include="External\msgpack\preprocessor\tuple\to_seq.hpp" />
    <ClInclude Include="External\msgpack\preprocessor\tuple.hpp" />
    <ClInclude Include="External\msgpack\preprocessor\variadic\detail\is_single_return.hpp" />
    <ClInclude Include="External\msgpack\preprocessor\variadic\elem.hpp" />
    <ClInclude Include="External\msgpack\preprocessor\variadic\size.hpp" />
    <ClInclude Include="External\msgpack\preprocessor\variadic\to_array.hpp" />
    <ClInclude Include="External\msgpack\preprocessor\variadic\to_list.hpp" />
    <ClInclude Include="External\msgpack\preprocessor\variadic\to_seq.hpp" />
    <ClInclude Include="External\msgpack\preprocessor\variadic\to_tuple.hpp" />
    <ClInclude Include="External\msgpack\preprocessor\variadic.hpp" />
    <ClInclude Include="External\msgpack\preprocessor\while.hpp" />
    <ClInclude Include="External\msgpack\preprocessor\wstringize.hpp" />
    <ClInclude Include="External\msgpack\preprocessor.hpp" />
    <ClInclude Include="External\msgpack\sbuffer.hpp" />
    <ClInclude Include="External\msgpack\sbuffer_decl.hpp" />
    <ClInclude Include="External\msgpack\sysdep.hpp" />
    <ClInclude Include="External\msgpack\type.hpp" />
    <ClInclude Include="External\msgpack\unpack.hpp" />
    <ClInclude Include="External\msgpack\unpack_decl.hpp" />
    <ClInclude Include="External\msgpack\unpack_define.hpp" />
    <ClInclude Include="External\msgpack\unpack_exception.hpp" />
    <ClInclude Include="External\msgpack\v1\adaptor\adaptor_base.hpp" />
    <ClInclude Include="External\msgpack\v1\adaptor\adaptor_base_decl.hpp" />
    <ClInclude Include="External\msgpack\v1\adaptor\array_ref.hpp" />
    <ClInclude Include="External\msgpack\v1\adaptor\array_ref_decl.hpp" />
    <ClInclude Include="External\msgpack\v1\adaptor\bool.hpp" />
    <ClInclude Include="External\msgpack\v1\adaptor\boost\fusion.hpp" />
    <ClInclude Include="External\msgpack\v1\adaptor\boost\msgpack_variant.hpp" />
    <ClInclude Include="External\msgpack\v1\adaptor\boost\msgpack_variant_decl.hpp" />
    <ClInclude Include="External\msgpack\v1\adaptor\boost\optional.hpp" />
    <ClInclude Include="External\msgpack\v1\adaptor\boost\string_ref.hpp" />
    <ClInclude Include="External\msgpack\v1\adaptor\boost\string_view.hpp" />
    <ClInclude Include="External\msgpack\v1\adaptor\carray.hpp" />
    <ClInclude Include="External\msgpack\v1\adaptor\char_ptr.hpp" />
    <ClInclude Include="External\msgpack\v1\adaptor\check_container_size.hpp" />
    <ClInclude Include="External\msgpack\v1\adaptor\check_container_size_decl.hpp" />
    <ClInclude Include="External\msgpack\v1\adaptor\complex.hpp" />
    <ClInclude Include="External\msgpack\v1\adaptor\cpp11\array.hpp" />
    <ClInclude Include="External\msgpack\v1\adaptor\cpp11\array_char.hpp" />
    <ClInclude Include="External\msgpack\v1\adaptor\cpp11\array_unsigned_char.hpp" />
    <ClInclude Include="External\msgpack\v1\adaptor\cpp11\chrono.hpp" />
    <ClInclude Include="External\msgpack\v1\adaptor\cpp11\forward_list.hpp" />
    <ClInclude Include="External\msgpack\v1\adaptor\cpp11\reference_wrapper.hpp" />
    <ClInclude Include="External\msgpack\v1\adaptor\cpp11\shared_ptr.hpp" />
    <ClInclude Include="External\msgpack\v1\adaptor\cpp11\timespec.hpp" />
    <ClInclude Include="External\msgpack\v1\adaptor\cpp11\tuple.hpp" />
    <ClInclude Include="External\msgpack\v1\adaptor\cpp11\unique_ptr.hpp" />
    <ClInclude Include="External\msgpack\v1\adaptor\cpp11\unordered_map.hpp" />
    <ClInclude Include="External\msgpack\v1\adaptor\cpp11\unordered_set.hpp" />
    <ClInclude Include="External\msgpack\v1\adaptor\cpp17\array_byte.hpp" />
    <ClInclude Include="External\msgpack\v1\adaptor\cpp17\byte.hpp" />
    <ClInclude Include="External\msgpack\v1\adaptor\cpp17\carray_byte.hpp" />
    <ClInclude Include="External\msgpack\v1\adaptor\cpp17\optional.hpp" />
    <ClInclude Include="External\msgpack\v1\adaptor\cpp17\string_view.hpp" />
    <ClInclude Include="External\msgpack\v1\adaptor\cpp17\variant.hpp" />
    <ClInclude Include="External\msgpack\v1\adaptor\cpp17\vector_byte.hpp" />
    <ClInclude Include="External\msgpack\v1\adaptor\cpp20\span.hpp" />
    <ClInclude Include="External\msgpack\v1\adaptor\define.hpp" />
    <ClInclude Include="External\msgpack\v1\adaptor\define_decl.hpp" />
    <ClInclude Include="External\msgpack\v1\adaptor\deque.hpp" />
    <ClInclude Include="External\msgpack\v1\adaptor\detail\cpp03_define_array.hpp" />
    <ClInclude Include="External\msgpack\v1\adaptor\detail\cpp03_define_array_decl.hpp" />
    <ClInclude Include="External\msgpack\v1\adaptor\detail\cpp03_define_map.hpp" />
    <ClInclude Include="External\msgpack\v1\adaptor\detail\cpp03_define_map_decl.hpp" />
    <ClInclude Include="External\msgpack\v1\adaptor\detail\cpp03_msgpack_tuple.hpp" />
    <ClInclude Include="External\msgpack\v1\adaptor\detail\cpp03_msgpack_tuple_decl.hpp" />
    <ClInclude Include="External\msgpack\v1\adaptor\detail\cpp11_convert_helper.hpp" />
    <ClInclude Include="External\msgpack\v1\adaptor\detail\cpp11_define_array.hpp" />
    <ClInclude Include="External\msgpack\v1\adaptor\detail\cpp11_define_array_decl.hpp" />
    <ClInclude Include="External\msgpack\v1\adaptor\detail\cpp11_define_map.hpp" />
    <ClInclude Include="External\msgpack\v1\adaptor\detail\cpp11_define_map_decl.hpp" />
    <ClInclude Include="External\msgpack\v1\adaptor\detail\cpp11_msgpack_tuple.hpp" />
    <ClInclude Include="External\msgpack\v1\adaptor\detail\cpp11_msgpack_tuple_decl.hpp" />
    <ClInclude Include="External\msgpack\v1\adaptor\ext.hpp" />
    <ClInclude Include="External\msgpack\v1\adaptor\ext_decl.hpp" />
    <ClInclude Include="External\msgpack\v1\adaptor\fixint.hpp" />
    <ClInclude Include="External\msgpack\v1\adaptor\fixint_decl.hpp" />
    <ClInclude Include="External\msgpack\v1\adaptor\float.hpp" />
    <ClInclude Include="External\msgpack\v1\adaptor\int.hpp" />
    <ClInclude Include="External\msgpack\v1\adaptor\int_decl.hpp" />
    <ClInclude Include="External\msgpack\v1\adaptor\list.hpp" />
    <ClInclude Include="External\msgpack\v1\adaptor\map.hpp" />
    <ClInclude Include="External\msgpack\v1\adaptor\map_decl.hpp" />
    <ClInclude Include="External\msgpack\v1\adaptor\msgpack_tuple.hpp" />
    <ClInclude Include="External\msgpack\v1\adaptor\msgpack_tuple_decl.hpp" />
    <ClInclude Include="External\msgpack\v1\adaptor\nil.hpp" />
    <ClInclude Include="External\msgpack\v1\adaptor\nil_decl.hpp" />
    <ClInclude Include="External\msgpack\v1\adaptor\pair.hpp" />
    <ClInclude Include="External\msgpack\v1\adaptor\raw.hpp" />
    <ClInclude Include="External\msgpack\v1\adaptor\raw_decl.hpp" />
    <ClInclude Include="External\msgpack\v1\adaptor\set.hpp" />
    <ClInclude Include="External\msgpack\v1\adaptor\size_equal_only.hpp" />
    <ClInclude Include="External\msgpack\v1\adaptor\size_equal_only_decl.hpp" />
    <ClInclude Include="External\msgpack\v1\adaptor\string.hpp" />
    <ClInclude Include="External\msgpack\v1\adaptor\tr1\unordered_map.hpp" />
    <ClInclude Include="External\msgpack\v1\adaptor\tr1\unordered_set.hpp" />
    <ClInclude Include="External\msgpack\v1\adaptor\v4raw.hpp" />
    <ClInclude Include="External\msgpack\v1\adaptor\v4raw_decl.hpp" />
    <ClInclude Include="External\msgpack\v1\adaptor\vector.hpp" />
    <ClInclude Include="External\msgpack\v1\adaptor\vector_bool.hpp" />
    <ClInclude Include="External\msgpack\v1\adaptor\vector_char.hpp" />
    <ClInclude Include="External\msgpack\v1\adaptor\vector_unsigned_char.hpp" />
    <ClInclude Include="External\msgpack\v1\adaptor\wstring.hpp" />
    <ClInclude Include="External\msgpack\v1\cpp_config.hpp" />
    <ClInclude Include="External\msgpack\v1\cpp_config_decl.hpp" />
    <ClInclude Include="External\msgpack\v1\detail\cpp03_zone.hpp" />
    <ClInclude Include="External\msgpack\v1\detail\cpp03_zone_decl.hpp" />
    <ClInclude Include="External\msgpack\v1\detail\cpp11_zone.hpp" />
    <ClInclude Include="External\msgpack\v1\detail\cpp11_zone_decl.hpp" />
    <ClInclude Include="External\msgpack\v1\fbuffer.hpp" />
    <ClInclude Include="External\msgpack\v1\fbuffer_decl.hpp" />
    <ClInclude Include="External\msgpack\v1\iterator.hpp" />
    <ClInclude Include="External\msgpack\v1\iterator_decl.hpp" />
    <ClInclude Include="External\msgpack\v1\meta.hpp" />
    <ClInclude Include="External\msgpack\v1\meta_decl.hpp" />
    <ClInclude Include="External\msgpack\v1\object.hpp" />
    <ClInclude Include="External\msgpack\v1\object_decl.hpp" />
    <ClInclude Include="External\msgpack\v1\object_fwd.hpp" />
    <ClInclude Include="External\msgpack\v1\object_fwd_decl.hpp" />
    <ClInclude Include="External\msgpack\v1\pack.hpp" />
    <ClInclude Include="External\msgpack\v1\pack_decl.hpp" />
    <ClInclude Include="External\msgpack\v1\parse_return.hpp" />
    <ClInclude Include="External\msgpack\v1\sbuffer.hpp" />
    <ClInclude Include="External\msgpack\v1\sbuffer_decl.hpp" />
    <ClInclude Include="External\msgpack\v1\unpack.hpp" />
    <ClInclude Include="External\msgpack\v1\unpack_decl.hpp" />
    <ClInclude Include="External\msgpack\v1\unpack_exception.hpp" />
    <ClInclude Include="External\msgpack\v1\version.hpp" />
    <ClInclude Include="External\msgpack\v1\versioning.hpp" />
    <ClInclude Include="External\msgpack\v1\vrefbuffer.hpp" />
    <ClInclude Include="External\msgpack\v1\vrefbuffer_decl.hpp" />
    <ClInclude Include="External\msgpack\v1\zbuffer.hpp" />
    <ClInclude Include="External\msgpack\v1\zbuffer_decl.hpp" />
    <ClInclude Include="External\msgpack\v1\zone.hpp" />
    <ClInclude Include="External\msgpack\v1\zone_decl.hpp" />
    <ClInclude Include="External\msgpack\v2\adaptor\adaptor_base.hpp" />
    <ClInclude Include="External\msgpack\v2\adaptor\adaptor_base_decl.hpp" />
    <ClInclude Include="External\msgpack\v2\adaptor\array_ref_decl.hpp" />
    <ClInclude Include="External\msgpack\v2\adaptor\boost\msgpack_variant_decl.hpp" />
    <ClInclude Include="External\msgpack\v2\adaptor\check_container_size_decl.hpp" />
    <ClInclude Include="External\msgpack\v2\adaptor\define_decl.hpp" />
    <ClInclude Include="External\msgpack\v2\adaptor\detail\cpp03_define_array_decl.hpp" />
    <ClInclude Include="External\msgpack\v2\adaptor\detail\cpp03_define_map_decl.hpp" />
    <ClInclude Include="External\msgpack\v2\adaptor\detail\cpp03_msgpack_tuple_decl.hpp" />
    <ClInclude Include="External\msgpack\v2\adaptor\detail\cpp11_define_array_decl.hpp" />
    <ClInclude Include="External\msgpack\v2\adaptor\detail\cpp11_define_map_decl.hpp" />
    <ClInclude Include="External\msgpack\v2\adaptor\detail\cpp11_msgpack_tuple_decl.hpp" />
    <ClInclude Include="External\msgpack\v2\adaptor\ext_decl.hpp" />
    <ClInclude Include="External\msgpack\v2\adaptor\fixint_decl.hpp" />
    <ClInclude Include="External\msgpack\v2\adaptor\int_decl.hpp" />
    <ClInclude Include="External\msgpack\v2\adaptor\map_decl.hpp" />
    <ClInclude Include="External\msgpack\v2\adaptor\msgpack_tuple_decl.hpp" />
    <ClInclude Include="External\msgpack\v2\adaptor\nil_decl.hpp" />
    <ClInclude Include="External\msgpack\v2\adaptor\raw_decl.hpp" />
    <ClInclude Include="External\msgpack\v2\adaptor\size_equal_only_decl.hpp" />
    <ClInclude Include="External\msgpack\v2\adaptor\v4raw_decl.hpp" />
    <ClInclude Include="External\msgpack\v2\cpp_config_decl.hpp" />
    <ClInclude Include="External\msgpack\v2\create_object_visitor.hpp" />
    <ClInclude Include="External\msgpack\v2\create_object_visitor_decl.hpp" />
    <ClInclude Include="External\msgpack\v2\detail\cpp03_zone_decl.hpp" />
    <ClInclude Include="External\msgpack\v2\detail\cpp11_zone_decl.hpp" />
    <ClInclude Include="External\msgpack\v2\fbuffer_decl.hpp" />
    <ClInclude Include="External\msgpack\v2\iterator_decl.hpp" />
    <ClInclude Include="External\msgpack\v2\meta_decl.hpp" />
    <ClInclude Include="External\msgpack\v2\null_visitor.hpp" />
    <ClInclude Include="External\msgpack\v2\null_visitor_decl.hpp" />
    <ClInclude Include="External\msgpack\v2\object.hpp" />
    <ClInclude Include="External\msgpack\v2\object_decl.hpp" />
    <ClInclude Include="External\msgpack\v2\object_fwd.hpp" />
    <ClInclude Include="External\msgpack\v2\object_fwd_decl.hpp" />
    <ClInclude Include="External\msgpack\v2\pack_decl.hpp" />
    <ClInclude Include="External\msgpack\v2\parse.hpp" />
    <ClInclude Include="External\msgpack\v2\parse_decl.hpp" />
    <ClInclude Include="External\msgpack\v2\parse_return.hpp" />
    <ClInclude Include="External\msgpack\v2\sbuffer_decl.hpp" />
    <ClInclude Include="External\msgpack\v2\unpack.hpp" />
    <ClInclude Include="External\msgpack\v2\unpack_decl.hpp" />
    <ClInclude Include="External\msgpack\v2\vrefbuffer_decl.hpp" />
    <ClInclude Include="External\msgpack\v2\x3_parse.hpp" />
    <ClInclude Include="External\msgpack\v2\x3_parse_decl.hpp" />
    <ClInclude Include="External\msgpack\v2\x3_unpack.hpp" />
    <ClInclude Include="External\msgpack\v2\x3_unpack_decl.hpp" />
    <ClInclude Include="External\msgpack\v2\zbuffer_decl.hpp" />
    <ClInclude Include="External\msgpack\v2\zone_decl.hpp" />
    <ClInclude Include="External\msgpack\v3\adaptor\adaptor_base.hpp" />
    <ClInclude Include="External\msgpack\v3\adaptor\adaptor_base_decl.hpp" />
    <ClInclude Include="External\msgpack\v3\adaptor\array_ref_decl.hpp" />
    <ClInclude Include="External\msgpack\v3\adaptor\boost\msgpack_variant_decl.hpp" />
    <ClInclude Include="External\msgpack\v3\adaptor\check_container_size_decl.hpp" />
    <ClInclude Include="External\msgpack\v3\adaptor\define_decl.hpp" />
    <ClInclude Include="External\msgpack\v3\adaptor\detail\cpp03_define_array_decl.hpp" />
    <ClInclude Include="External\msgpack\v3\adaptor\detail\cpp03_define_map_decl.hpp" />
    <ClInclude Include="External\msgpack\v3\adaptor\detail\cpp03_msgpack_tuple_decl.hpp" />
    <ClInclude Include="External\msgpack\v3\adaptor\detail\cpp11_define_array_decl.hpp" />
    <ClInclude Include="External\msgpack\v3\adaptor\detail\cpp11_define_map_decl.hpp" />
    <ClInclude Include="External\msgpack\v3\adaptor\detail\cpp11_msgpack_tuple_decl.hpp" />
    <ClInclude Include="External\msgpack\v3\adaptor\ext_decl.hpp" />
    <ClInclude Include="External\msgpack\v3\adaptor\fixint_decl.hpp" />
    <ClInclude Include="External\msgpack\v3\adaptor\int_decl.hpp" />
    <ClInclude Include="External\msgpack\v3\adaptor\map_decl.hpp" />
    <ClInclude Include="External\msgpack\v3\adaptor\msgpack_tuple_decl.hpp" />
    <ClInclude Include="External\msgpack\v3\adaptor\nil_decl.hpp" />
    <ClInclude Include="External\msgpack\v3\adaptor\raw_decl.hpp" />
    <ClInclude Include="External\msgpack\v3\adaptor\size_equal_only_decl.hpp" />
    <ClInclude Include="External\msgpack\v3\adaptor\v4raw_decl.hpp" />
    <ClInclude Include="External\msgpack\v3\cpp_config_decl.hpp" />
    <ClInclude Include="External\msgpack\v3\create_object_visitor_decl.hpp" />
    <ClInclude Include="External\msgpack\v3\detail\cpp03_zone_decl.hpp" />
    <ClInclude Include="External\msgpack\v3\detail\cpp11_zone_decl.hpp" />
    <ClInclude Include="External\msgpack\v3\fbuffer_decl.hpp" />
    <ClInclude Include="External\msgpack\v3\iterator_decl.hpp" />
    <ClInclude Include="External\msgpack\v3\meta_decl.hpp" />
    <ClInclude Include="External\msgpack\v3\null_visitor_decl.hpp" />
    <ClInclude Include="External\msgpack\v3\object_decl.hpp" />
    <ClInclude Include="External\msgpack\v3\object_fwd.hpp" />
    <ClInclude Include="External\msgpack\v3\object_fwd_decl.hpp" />
    <ClInclude Include="External\msgpack\v3\pack_decl.hpp" />
    <ClInclude Include="External\msgpack\v3\parse.hpp" />
    <ClInclude Include="External\msgpack\v3\parse_decl.hpp" />
    <ClInclude Include="External\msgpack\v3\parse_return.hpp" />
    <ClInclude Include="External\msgpack\v3\sbuffer_decl.hpp" />
    <ClInclude Include="External\msgpack\v3\unpack.hpp" />
    <ClInclude Include="External\msgpack\v3\unpack_decl.hpp" />
    <ClInclude Include="External\msgpack\v3\vrefbuffer_decl.hpp" />
    <ClInclude Include="External\msgpack\v3\x3_parse_decl.hpp" />
    <ClInclude Include="External\msgpack\v3\x3_unpack.hpp" />
    <ClInclude Include="External\msgpack\v3\x3_unpack_decl.hpp" />
    <ClInclude Include="External\msgpack\v3\zbuffer_decl.hpp" />
    <ClInclude Include="External\msgpack\v3\zone_decl.hpp" />
    <ClInclude Include="External\msgpack\version.hpp" />
    <ClInclude Include="External\msgpack\versioning.hpp" />
    <ClInclude Include="External\msgpack\version_master.hpp" />
    <ClInclude Include="External\msgpack\vrefbuffer.hpp" />
    <ClInclude Include="External\msgpack\vrefbuffer_decl.hpp" />
    <ClInclude Include="External\msgpack\x3_parse.hpp" />
    <ClInclude Include="External\msgpack\x3_parse_decl.hpp" />
    <ClInclude Include="External\msgpack\x3_unpack.hpp" />
    <ClInclude Include="External\msgpack\x3_unpack_decl.hpp" />
    <ClInclude Include="External\msgpack\zbuffer.hpp" />
    <ClInclude Include="External\msgpack\zbuffer_decl.hpp" />
    <ClInclude Include="External\msgpack\zone.hpp" />
    <ClInclude Include="External\msgpack\zone_decl.hpp" />
    <ClInclude Include="External\msgpack.hpp" />
  </ItemGroup>
  <ItemGroup>
    <ClCompile Include="Src\main.cpp" />
    <ClCompile Include="Src\Component\Animator.cpp">
      <Filter>Component</Filter>
    </ClCompile>
    <ClCompile Include="Src\Component\Collider\CapsuleHitBox.cpp">
      <Filter>Component\Collider</Filter>
    </ClCompile>
    <ClCompile Include="Src\Component\Collider\Collider.cpp">
      <Filter>Component\Collider</Filter>
    </ClCompile>
    <ClCompile Include="Src\Component\Collider\SphereHitBox.cpp">
      <Filter>Component\Collider</Filter>
    </ClCompile>
    <ClCompile Include="Src\Enhancement\StatusEnhancement.cpp">
      <Filter>Enhancement</Filter>
    </ClCompile>
    <ClCompile Include="Src\GameObject\GameObject.cpp">
      <Filter>GamaObject</Filter>
    </ClCompile>
    <ClCompile Include="Src\GameObject\Artifact\ArtifactSelectUI.cpp">
      <Filter>GamaObject\Artifact</Filter>
    </ClCompile>
    <ClCompile Include="Src\GameObject\Artifact\ArtifactBase.cpp">
      <Filter>GamaObject\Artifact</Filter>
    </ClCompile>
    <ClCompile Include="Src\GameObject\Artifact\ArtifactUI.cpp">
      <Filter>GamaObject\Artifact</Filter>
    </ClCompile>
    <ClCompile Include="Src\GameObject\Audio\Audio.cpp">
      <Filter>GamaObject\Audio</Filter>
    </ClCompile>
    <ClCompile Include="Src\GameObject\Bullet\BulletPool.cpp">
      <Filter>GamaObject\Bullet</Filter>
    </ClCompile>
    <ClCompile Include="Src\GameObject\Camera\Camera.cpp">
      <Filter>GamaObject\Camera</Filter>
    </ClCompile>
    <ClCompile Include="Src\GameObject\Character\Character.cpp">
      <Filter>GamaObject\Character</Filter>
    </ClCompile>
    <ClCompile Include="Src\GameObject\Character\Enemy\Enemy.cpp">
      <Filter>GamaObject\Character\Enemy</Filter>
    </ClCompile>
    <ClCompile Include="Src\GameObject\Character\Enemy\Boss\Durahan\BossDurahan.cpp">
      <Filter>GamaObject\Character\Enemy\Boss\Durahan</Filter>
    </ClCompile>
    <ClCompile Include="Src\GameObject\Character\Enemy\Boss\BossBase.cpp">
      <Filter>GamaObject\Character\Enemy\Boss</Filter>
    </ClCompile>
    <ClCompile Include="Src\GameObject\Character\Enemy\Boss\Goblin\BossGoblin.cpp">
      <Filter>GamaObject\Character\Enemy\Boss\Goblin</Filter>
    </ClCompile>
    <ClCompile Include="Src\GameObject\Character\Enemy\Boss\HellHound\BossHellHound.cpp">
      <Filter>GamaObject\Character\Enemy\Boss\HellHound</Filter>
    </ClCompile>
    <ClCompile Include="Src\GameObject\Character\Enemy\Boss\Ketbleperz\BossKetbleperz.cpp">
      <Filter>GamaObject\Character\Enemy\Boss\Ketbleperz</Filter>
    </ClCompile>
    <ClCompile Include="Src\GameObject\Character\Enemy\Boss\Ouger\BossOuger.cpp">
      <Filter>GamaObject\Character\Enemy\Boss\Ouger</Filter>
    </ClCompile>
    <ClCompile Include="Src\GameObject\Character\Enemy\Durahan\EnemyDurahan.cpp">
      <Filter>GamaObject\Character\Enemy\Durahan</Filter>
    </ClCompile>
    <ClCompile Include="Src\GameObject\Character\Enemy\Goblin\EnemyGoblin.cpp">
      <Filter>GamaObject\Character\Enemy\Goblin</Filter>
    </ClCompile>
    <ClCompile Include="Src\GameObject\Character\Enemy\HellHound\EnemyHellHound.cpp">
      <Filter>GamaObject\Character\Enemy\HellHound</Filter>
    </ClCompile>
    <ClCompile Include="Src\GameObject\Character\Enemy\HobGoblin\EnemyHobGoblin.cpp">
      <Filter>GamaObject\Character\Enemy\HobGoblin</Filter>
    </ClCompile>
    <ClCompile Include="Src\GameObject\Character\Enemy\Ketbleperz\EnemyKetbleperz.cpp">
      <Filter>GamaObject\Character\Enemy\Ketbleperz</Filter>
    </ClCompile>
    <ClCompile Include="Src\GameObject\Character\Enemy\Other\AttackArea.cpp">
      <Filter>GamaObject\Character\Enemy\Other</Filter>
    </ClCompile>
    <ClCompile Include="Src\GameObject\Character\Enemy\Ouger\EnemyOuger.cpp">
      <Filter>GamaObject\Character\Enemy\Ouger</Filter>
    </ClCompile>
    <ClCompile Include="Src\GameObject\Character\Enemy\Spider\EnemySpider.cpp">
      <Filter>GamaObject\Character\Enemy\Spider</Filter>
    </ClCompile>
    <ClCompile Include="Src\GameObject\Character\Enemy\Spider\SpiderBullet.cpp">
      <Filter>GamaObject\Character\Enemy\Spider</Filter>
    </ClCompile>
    <ClCompile Include="Src\GameObject\Character\Enemy\Troll\EnemyTroll.cpp">
      <Filter>GamaObject\Character\Enemy\Troll</Filter>
    </ClCompile>
    <ClCompile Include="Src\GameObject\Character\Enemy\Wolf\EnemyWolf.cpp">
      <Filter>GamaObject\Character\Enemy\Wolf</Filter>
    </ClCompile>
    <ClCompile Include="Src\GameObject\Character\Enemy\Zombie\EnemyZombie.cpp">
      <Filter>GamaObject\Character\Enemy\Zombie</Filter>
    </ClCompile>
    <ClCompile Include="Src\GameObject\Coin\Coin.cpp">
      <Filter>GamaObject\Coin</Filter>
    </ClCompile>
    <ClCompile Include="Src\GameObject\Effect\Effect.cpp">
      <Filter>GamaObject\Effect</Filter>
    </ClCompile>
    <ClCompile Include="Src\GameObject\Enhancement\EnhancementStone.cpp">
      <Filter>GamaObject\Enhancement</Filter>
    </ClCompile>
    <ClCompile Include="Src\GameObject\HitPool\CapsuleHitPool.cpp">
      <Filter>GamaObject\HitPool</Filter>
    </ClCompile>
    <ClCompile Include="Src\GameObject\Item\Inventory.cpp">
      <Filter>GamaObject\Item</Filter>
    </ClCompile>
    <ClCompile Include="Src\GameObject\Item\ItemBase.cpp">
      <Filter>GamaObject\Item</Filter>
    </ClCompile>
    <ClCompile Include="Src\GameObject\Item\ItemEntity.cpp">
      <Filter>GamaObject\Item</Filter>
    </ClCompile>
    <ClCompile Include="Src\GameObject\Item\ItemFactory.cpp">
      <Filter>GamaObject\Item</Filter>
    </ClCompile>
    <ClCompile Include="Src\GameObject\Item\ItemEquip\ItemEquip.cpp">
      <Filter>GamaObject\Item\ItemEquip</Filter>
    </ClCompile>
    <ClCompile Include="Src\GameObject\Item\ItemHeal\ItemHeal.cpp">
      <Filter>GamaObject\Item\ItemHeal</Filter>
    </ClCompile>
    <ClCompile Include="Src\GameObject\ItemShop\ItemShop.cpp">
      <Filter>GamaObject\ItemShop</Filter>
    </ClCompile>
    <ClCompile Include="Src\GameObject\Weapon\Weapon.cpp">
      <Filter>GamaObject\Weapon</Filter>
    </ClCompile>
    <ClCompile Include="Src\GameObject\TreasureChest\StartTreasureChest.cpp">
      <Filter>GamaObject\TreasureChest</Filter>
    </ClCompile>
    <ClCompile Include="Src\GameObject\StageObject\StageObject.cpp">
      <Filter>GamaObject\StageObject</Filter>
    </ClCompile>
    <ClCompile Include="Src\GameObject\Stage\StageCell.cpp">
      <Filter>GamaObject\Stage</Filter>
    </ClCompile>
    <ClCompile Include="Src\GameObject\Stage\StageGenerator.cpp">
      <Filter>GamaObject\Stage</Filter>
    </ClCompile>
    <ClCompile Include="Src\GameObject\Slash\Slash.cpp">
      <Filter>GamaObject\Slash</Filter>
    </ClCompile>
    <ClCompile Include="Src\GameObject\SaveObject\SaveObject.cpp">
      <Filter>GamaObject\SaveObject</Filter>
    </ClCompile>
    <ClCompile Include="Src\GameObject\Returner\TitleReturner.cpp">
      <Filter>GamaObject\Returner</Filter>
    </ClCompile>
    <ClCompile Include="Src\GameObject\Character\Player\Player.cpp">
      <Filter>GamaObject\Character\Player</Filter>
    </ClCompile>
    <ClCompile Include="Src\GameObject\Character\Player\PlayerAttack.cpp">
      <Filter>GamaObject\Character\Player</Filter>
    </ClCompile>
    <ClCompile Include="Src\GameObject\Character\Player\PlayerMovement.cpp">
      <Filter>GamaObject\Character\Player</Filter>
    </ClCompile>
    <ClCompile Include="Src\GameSystem\GameSystem.cpp">
      <Filter>GameSystem</Filter>
    </ClCompile>
    <ClCompile Include="Src\Manager\ArtifactManager.cpp">
      <Filter>Manager</Filter>
    </ClCompile>
    <ClCompile Include="Src\Manager\AudioManager.cpp">
      <Filter>Manager</Filter>
    </ClCompile>
    <ClCompile Include="Src\Manager\CollisionManager.cpp">
      <Filter>Manager</Filter>
    </ClCompile>
    <ClCompile Include="Src\Manager\EffectManager.cpp">
      <Filter>Manager</Filter>
    </ClCompile>
    <ClCompile Include="Src\Manager\EnemyManager.cpp">
      <Filter>Manager</Filter>
    </ClCompile>
    <ClCompile Include="Src\Manager\FadeManager.cpp">
      <Filter>Manager</Filter>
    </ClCompile>
    <ClCompile Include="Src\Manager\FontManager.cpp">
      <Filter>Manager</Filter>
    </ClCompile>
    <ClCompile Include="Src\Manager\InputManager.cpp">
      <Filter>Manager</Filter>
    </ClCompile>
    <ClCompile Include="Src\Manager\ItemDropManager.cpp">
      <Filter>Manager</Filter>
    </ClCompile>
    <ClCompile Include="Src\Manager\SalesManager.cpp">
      <Filter>Manager</Filter>
    </ClCompile>
    <ClCompile Include="Src\Manager\SaveManager.cpp">
      <Filter>Manager</Filter>
    </ClCompile>
    <ClCompile Include="Src\Manager\SkillManager.cpp">
      <Filter>Manager</Filter>
    </ClCompile>
    <ClCompile Include="Src\Manager\SceneManager.cpp">
      <Filter>Manager</Filter>
    </ClCompile>
    <ClCompile Include="Src\Manager\TimeManager.cpp">
      <Filter>Manager</Filter>
    </ClCompile>
    <ClCompile Include="Src\Manager\StageManager.cpp">
      <Filter>Manager</Filter>
    </ClCompile>
    <ClCompile Include="Src\Manager\WeaponManager.cpp">
      <Filter>Manager</Filter>
    </ClCompile>
    <ClCompile Include="Src\UI\CircleGauge.cpp">
      <Filter>UI</Filter>
    </ClCompile>
    <ClCompile Include="Src\UI\DamagePopup.cpp">
      <Filter>UI</Filter>
    </ClCompile>
    <ClCompile Include="Src\UI\Gauge.cpp">
      <Filter>UI</Filter>
    </ClCompile>
    <ClCompile Include="Src\UI\MenuSaveLoad.cpp">
      <Filter>UI</Filter>
    </ClCompile>
    <ClCompile Include="Src\UI\TitleUI.cpp">
      <Filter>UI</Filter>
    </ClCompile>
    <ClCompile Include="Src\Skill\Skill.cpp">
      <Filter>Skill</Filter>
    </ClCompile>
    <ClCompile Include="Src\Skill\SkillSelectUI.cpp">
      <Filter>Skill</Filter>
    </ClCompile>
    <ClCompile Include="Src\Scene\GameScene.cpp">
      <Filter>Scene</Filter>
    </ClCompile>
    <ClCompile Include="Src\Scene\SekinoScene.cpp">
      <Filter>Scene</Filter>
    </ClCompile>
    <ClCompile Include="Src\Scene\TitleScene.cpp">
      <Filter>Scene</Filter>
    </ClCompile>
    <ClCompile Include="Src\CommonModule.cpp" />
    <ClCompile Include="Src\Manager\LightManager.cpp">
      <Filter>Manager</Filter>
    </ClCompile>
    <ClCompile Include="..\..\..\LastBB\Hacslike\Hacslike\Src\Manager\ItemManager.cpp">
      <Filter>Manager</Filter>
    </ClCompile>
  </ItemGroup>
  <ItemGroup>
    <ResourceCompile Include="icon.rc" />
  </ItemGroup>
  <ItemGroup>
    <Filter Include="Component">
      <UniqueIdentifier>{3ca90af0-fb1f-41dd-a0d6-75dbac1788fa}</UniqueIdentifier>
    </Filter>
    <Filter Include="Data">
      <UniqueIdentifier>{0d9f879f-5991-4f0f-bc59-78c4239e4027}</UniqueIdentifier>
    </Filter>
    <Filter Include="Enhancement">
      <UniqueIdentifier>{3a378452-43a5-4522-9373-a65e62dcb2c3}</UniqueIdentifier>
    </Filter>
    <Filter Include="GamaObject">
      <UniqueIdentifier>{597aa163-ba6a-4bc2-a2a0-77e291d12171}</UniqueIdentifier>
    </Filter>
    <Filter Include="GameSystem">
      <UniqueIdentifier>{8641ca06-2b30-4101-9ea5-a0db48364036}</UniqueIdentifier>
    </Filter>
    <Filter Include="Manager">
      <UniqueIdentifier>{b0bb8947-2122-4a17-9990-7825a3519ed6}</UniqueIdentifier>
    </Filter>
    <Filter Include="Save">
      <UniqueIdentifier>{6363dea3-3621-4781-8850-58b5c5ec3eca}</UniqueIdentifier>
    </Filter>
    <Filter Include="Scene">
      <UniqueIdentifier>{5a37d9f3-38a1-43d5-9426-97e4417ad5d1}</UniqueIdentifier>
    </Filter>
    <Filter Include="Skill">
      <UniqueIdentifier>{e58b1e06-c55b-48bf-ae20-8c8cf20357c1}</UniqueIdentifier>
    </Filter>
    <Filter Include="UI">
      <UniqueIdentifier>{bfff5199-513c-49dd-a0ca-78c0e73329db}</UniqueIdentifier>
    </Filter>
    <Filter Include="Component\Collider">
      <UniqueIdentifier>{a99c7bd8-f684-4894-a36f-eb04d1f6b79b}</UniqueIdentifier>
    </Filter>
    <Filter Include="GamaObject\Artifact">
      <UniqueIdentifier>{d445707e-3260-45ee-90b0-5d09d28694b7}</UniqueIdentifier>
    </Filter>
    <Filter Include="GamaObject\Audio">
      <UniqueIdentifier>{89639aed-a954-4ce4-9d7b-6edbb88e7e88}</UniqueIdentifier>
    </Filter>
    <Filter Include="GamaObject\Bullet">
      <UniqueIdentifier>{2afba2d9-9c6b-44c3-814c-f1b894fab722}</UniqueIdentifier>
    </Filter>
    <Filter Include="GamaObject\Camera">
      <UniqueIdentifier>{df592f66-f763-4487-aca3-b7550e57162f}</UniqueIdentifier>
    </Filter>
    <Filter Include="GamaObject\Character">
      <UniqueIdentifier>{5e6b55ce-1a42-4458-8cf0-75e60bffe3a7}</UniqueIdentifier>
    </Filter>
    <Filter Include="GamaObject\Coin">
      <UniqueIdentifier>{38919ddf-1752-47af-b6a5-afd78e297999}</UniqueIdentifier>
    </Filter>
    <Filter Include="GamaObject\Effect">
      <UniqueIdentifier>{e757db62-d16f-4780-a9f9-992963342050}</UniqueIdentifier>
    </Filter>
    <Filter Include="GamaObject\Enhancement">
      <UniqueIdentifier>{5e9ecde5-2ee6-43b9-a36a-853d4ed26d3f}</UniqueIdentifier>
    </Filter>
    <Filter Include="GamaObject\HitPool">
      <UniqueIdentifier>{0c07076b-cd13-43b1-8ad5-83521bf8a30c}</UniqueIdentifier>
    </Filter>
    <Filter Include="GamaObject\Item">
      <UniqueIdentifier>{8eaba604-aab6-49fa-a805-46c5f1b03d1c}</UniqueIdentifier>
    </Filter>
    <Filter Include="GamaObject\ItemShop">
      <UniqueIdentifier>{f9419276-c819-47e0-a791-92ee5c2117da}</UniqueIdentifier>
    </Filter>
    <Filter Include="GamaObject\Returner">
      <UniqueIdentifier>{ab28cbba-295b-4fbd-903b-91f02445e6de}</UniqueIdentifier>
    </Filter>
    <Filter Include="GamaObject\SaveObject">
      <UniqueIdentifier>{6f4aded7-ebc7-482a-9da9-97abe125b5eb}</UniqueIdentifier>
    </Filter>
    <Filter Include="GamaObject\Slash">
      <UniqueIdentifier>{b74c1e63-1504-41a9-a202-9ba9c329ecba}</UniqueIdentifier>
    </Filter>
    <Filter Include="GamaObject\Stage">
      <UniqueIdentifier>{60525fd2-9d62-4608-a256-3e43f6dffaa5}</UniqueIdentifier>
    </Filter>
    <Filter Include="GamaObject\StageObject">
      <UniqueIdentifier>{8eccf072-ed0e-4249-828a-fc1cd671ecca}</UniqueIdentifier>
    </Filter>
    <Filter Include="GamaObject\TreasureChest">
      <UniqueIdentifier>{d45f6d87-448f-4b48-8986-c9160fe9d90a}</UniqueIdentifier>
    </Filter>
    <Filter Include="GamaObject\Weapon">
      <UniqueIdentifier>{f3819eeb-c108-480b-9361-2aef748e30a6}</UniqueIdentifier>
    </Filter>
    <Filter Include="GamaObject\Character\Enemy">
      <UniqueIdentifier>{23b3b91c-0681-4066-836c-50693f3ce4fe}</UniqueIdentifier>
    </Filter>
    <Filter Include="GamaObject\Character\Player">
      <UniqueIdentifier>{c5aa598f-ed9c-4824-aba8-cc2c614fbdc9}</UniqueIdentifier>
    </Filter>
    <Filter Include="GamaObject\Character\Enemy\Boss">
      <UniqueIdentifier>{abd40789-7a22-46e8-9311-faee9a9b9781}</UniqueIdentifier>
    </Filter>
    <Filter Include="GamaObject\Character\Enemy\Durahan">
      <UniqueIdentifier>{1c5710b0-695d-4937-a4c5-b4b9eded8598}</UniqueIdentifier>
    </Filter>
    <Filter Include="GamaObject\Character\Enemy\Goblin">
      <UniqueIdentifier>{9074ddb9-61f8-4d4d-8919-9a29c70df922}</UniqueIdentifier>
    </Filter>
    <Filter Include="GamaObject\Character\Enemy\HellHound">
      <UniqueIdentifier>{5ce206d0-a269-4e9a-8f3b-0049df47c348}</UniqueIdentifier>
    </Filter>
    <Filter Include="GamaObject\Character\Enemy\HobGoblin">
      <UniqueIdentifier>{35eb7bbb-679a-4e7d-8165-4d75e2e882a2}</UniqueIdentifier>
    </Filter>
    <Filter Include="GamaObject\Character\Enemy\Ketbleperz">
      <UniqueIdentifier>{c87ed45c-e341-41b2-9c32-2474b6fb0a56}</UniqueIdentifier>
    </Filter>
    <Filter Include="GamaObject\Character\Enemy\Other">
      <UniqueIdentifier>{cd93715d-a599-432c-aff6-12239c1cb342}</UniqueIdentifier>
    </Filter>
    <Filter Include="GamaObject\Character\Enemy\Ouger">
      <UniqueIdentifier>{18906d27-2f32-41e8-8c5c-b56b4d3f52df}</UniqueIdentifier>
    </Filter>
    <Filter Include="GamaObject\Character\Enemy\Spider">
      <UniqueIdentifier>{ffdea827-e5d8-43fd-bf01-3d0d70e7a78d}</UniqueIdentifier>
    </Filter>
    <Filter Include="GamaObject\Character\Enemy\Troll">
      <UniqueIdentifier>{bc27cc2a-79aa-462e-819d-9328d53e9872}</UniqueIdentifier>
    </Filter>
    <Filter Include="GamaObject\Character\Enemy\Wolf">
      <UniqueIdentifier>{ee0563dd-20a2-45e6-ba75-e4bbcd3d1c54}</UniqueIdentifier>
    </Filter>
    <Filter Include="GamaObject\Character\Enemy\Zombie">
      <UniqueIdentifier>{db42b8d7-56ae-4b46-9316-ba1da0213ff5}</UniqueIdentifier>
    </Filter>
    <Filter Include="GamaObject\Character\Enemy\Boss\Durahan">
      <UniqueIdentifier>{6082e182-45e4-4300-a331-8a6a3caea05a}</UniqueIdentifier>
    </Filter>
    <Filter Include="GamaObject\Character\Enemy\Boss\Goblin">
      <UniqueIdentifier>{ec1c6f01-655e-411c-9dff-6137c0852c99}</UniqueIdentifier>
    </Filter>
    <Filter Include="GamaObject\Character\Enemy\Boss\HellHound">
      <UniqueIdentifier>{7fb7f268-df80-4f09-81c1-eb4639a1f19d}</UniqueIdentifier>
    </Filter>
    <Filter Include="GamaObject\Character\Enemy\Boss\Ketbleperz">
      <UniqueIdentifier>{3dd4fafb-392d-497c-8a4f-230b89baf6cc}</UniqueIdentifier>
    </Filter>
    <Filter Include="GamaObject\Character\Enemy\Boss\Ouger">
      <UniqueIdentifier>{27644961-84c4-4644-941e-8f42c2348a6f}</UniqueIdentifier>
    </Filter>
    <Filter Include="GamaObject\Item\ItemEquip">
      <UniqueIdentifier>{abe882cd-f52e-4c04-b304-9067e37104a9}</UniqueIdentifier>
    </Filter>
    <Filter Include="GamaObject\Item\ItemHeal">
      <UniqueIdentifier>{d72d55e7-b558-47cb-b23d-7ccb6cc60587}</UniqueIdentifier>
    </Filter>
  </ItemGroup>
  <ItemGroup>
    <None Include="Src\Data\EnemyData.json">
      <Filter>Data</Filter>
    </None>
    <None Include="Src\Data\FloorData.json">
      <Filter>Data</Filter>
    </None>
    <None Include="Src\Data\SkillTreeData.json">
      <Filter>Data</Filter>
    </None>
    <None Include="Src\Data\StageData.json">
      <Filter>Data</Filter>
    </None>
    <None Include="Src\Data\WeaponsData.json">
      <Filter>Data</Filter>
    </None>
    <None Include="Src\Data\ItemData.json">
      <Filter>Data</Filter>
    </None>
  </ItemGroup>
</Project>